
Microsoft Visual Studio Solution File, Format Version 12.00
# Visual Studio Version 17
VisualStudioVersion = 17.14.36414.22 d17.14
MinimumVisualStudioVersion = 10.0.40219.1
Project("{2150E333-8FDC-42A3-9474-1A3956D46DE8}") = "Tyuiu.KosyakovDS.Sprint7.Project.V12", "Tyuiu.KosyakovDS.Sprint7.Project.V12", "{02EA681E-C7D8-13C7-8484-4AC65E1B71E8}"
EndProject
Project("{FAE04EC0-301F-11D3-BF4B-00C04F79EFBC}") = "Tyuiu.KosyakovDS.Sprint7.Project.V12", "Tyuiu.KosyakovDS.Sprint7.Project.V12\Tyuiu.KosyakovDS.Sprint7.Project.V12.csproj", "{6C422DBB-3560-4E63-BC4D-30A1C1C572B3}"
EndProject
Project("{FAE04EC0-301F-11D3-BF4B-00C04F79EFBC}") = "Tyuiu.KosyakovDS.Sprint7.Project.V12.Lib", "Tyuiu.KosyakovDS.Sprint7.Project.V12.Lib\Tyuiu.KosyakovDS.Sprint7.Project.V12.Lib.csproj", "{3F33B0D1-9F1F-4700-8603-B566AAF6830F}"
EndProject
Project("{FAE04EC0-301F-11D3-BF4B-00C04F79EFBC}") = "Tyuiu.KosyakovDS.Sprint7.Project.V12.Test", "Tyuiu.KosyakovDS.Sprint7.Project.V12.Test\Tyuiu.KosyakovDS.Sprint7.Project.V12.Test.csproj", "{D47152D4-A98D-4E06-9487-F978AE3174C4}"
EndProject
Global
	GlobalSection(SolutionConfigurationPlatforms) = preSolution
		Debug|Any CPU = Debug|Any CPU
		Release|Any CPU = Release|Any CPU
	EndGlobalSection
	GlobalSection(ProjectConfigurationPlatforms) = postSolution
		{6C422DBB-3560-4E63-BC4D-30A1C1C572B3}.Debug|Any CPU.ActiveCfg = Debug|Any CPU
		{6C422DBB-3560-4E63-BC4D-30A1C1C572B3}.Debug|Any CPU.Build.0 = Debug|Any CPU
		{6C422DBB-3560-4E63-BC4D-30A1C1C572B3}.Release|Any CPU.ActiveCfg = Release|Any CPU
		{6C422DBB-3560-4E63-BC4D-30A1C1C572B3}.Release|Any CPU.Build.0 = Release|Any CPU
		{3F33B0D1-9F1F-4700-8603-B566AAF6830F}.Debug|Any CPU.ActiveCfg = Debug|Any CPU
		{3F33B0D1-9F1F-4700-8603-B566AAF6830F}.Debug|Any CPU.Build.0 = Debug|Any CPU
		{3F33B0D1-9F1F-4700-8603-B566AAF6830F}.Release|Any CPU.ActiveCfg = Release|Any CPU
		{3F33B0D1-9F1F-4700-8603-B566AAF6830F}.Release|Any CPU.Build.0 = Release|Any CPU
		{D47152D4-A98D-4E06-9487-F978AE3174C4}.Debug|Any CPU.ActiveCfg = Debug|Any CPU
		{D47152D4-A98D-4E06-9487-F978AE3174C4}.Debug|Any CPU.Build.0 = Debug|Any CPU
		{D47152D4-A98D-4E06-9487-F978AE3174C4}.Release|Any CPU.ActiveCfg = Release|Any CPU
		{D47152D4-A98D-4E06-9487-F978AE3174C4}.Release|Any CPU.Build.0 = Release|Any CPU
	EndGlobalSection
	GlobalSection(SolutionProperties) = preSolution
		HideSolutionNode = FALSE
	EndGlobalSection
	GlobalSection(NestedProjects) = preSolution
		{6C422DBB-3560-4E63-BC4D-30A1C1C572B3} = {02EA681E-C7D8-13C7-8484-4AC65E1B71E8}
		{3F33B0D1-9F1F-4700-8603-B566AAF6830F} = {02EA681E-C7D8-13C7-8484-4AC65E1B71E8}
		{D47152D4-A98D-4E06-9487-F978AE3174C4} = {02EA681E-C7D8-13C7-8484-4AC65E1B71E8}
	EndGlobalSection
	GlobalSection(ExtensibilityGlobals) = postSolution
		SolutionGuid = {00B9CBD8-0533-465D-AC7C-0DC671F4B140}
	EndGlobalSection
EndGlobal
